{
  "name": "hood",
  "version": "1.0.0",
  "lockfileVersion": 3,
  "requires": true,
  "packages": {
    "": {
      "name": "hood",
      "version": "1.0.0",
      "license": "ISC",
      "dependencies": {
        "gallery": "^1.0.2"
      }
    },
    "node_modules/gallery": {
      "version": "1.0.2",
      "resolved": "https://registry.npmjs.org/gallery/-/gallery-1.0.2.tgz",
      "integrity": "sha512-guOSIbExT/MfeZvV38Uo+u+77+oVk6S49jluf/sxFX2eNLTa/xtW+KNxhpCrTCd7H6QcTzHXlVamXjXouBJztQ=="
    }
  }
}
